// !$*UTF8*$!
{
	archiveVersion = 1;
	classes = {
	};
	objectVersion = 50;
	objects = {

/* Begin PBXBuildFile section */
		B46A1AE725AD808500D89DB4 /* EmojiArtSwiftUIApp.swift in Sources */ = {isa = PBXBuildFile; fileRef = B46A1AE625AD808500D89DB4 /* EmojiArtSwiftUIApp.swift */; };
		B46A1AE925AD808500D89DB4 /* EmojiArtDocumentView.swift in Sources */ = {isa = PBXBuildFile; fileRef = B46A1AE825AD808500D89DB4 /* EmojiArtDocumentView.swift */; };
		B46A1AEB25AD808800D89DB4 /* Assets.xcassets in Resources */ = {isa = PBXBuildFile; fileRef = B46A1AEA25AD808800D89DB4 /* Assets.xcassets */; };
		B46A1AEE25AD808800D89DB4 /* Preview Assets.xcassets in Resources */ = {isa = PBXBuildFile; fileRef = B46A1AED25AD808800D89DB4 /* Preview Assets.xcassets */; };
		B46A1AF725AD80B300D89DB4 /* EmojiArtDocumentVM.swift in Sources */ = {isa = PBXBuildFile; fileRef = B46A1AF625AD80B300D89DB4 /* EmojiArtDocumentVM.swift */; };
		B46A1AFB25AD842400D89DB4 /* EmojiArt.swift in Sources */ = {isa = PBXBuildFile; fileRef = B46A1AFA25AD842400D89DB4 /* EmojiArt.swift */; };
		B46A1AFE25AD86C400D89DB4 /* EmojiArtExtensions.swift in Sources */ = {isa = PBXBuildFile; fileRef = B46A1AFD25AD86C400D89DB4 /* EmojiArtExtensions.swift */; };
		B46A1B0225ADDE9100D89DB4 /* OptionalImage.swift in Sources */ = {isa = PBXBuildFile; fileRef = B46A1B0125ADDE9100D89DB4 /* OptionalImage.swift */; };
		B46A1B0525ADE14100D89DB4 /* AnimatableSystemFontModifier.swift in Sources */ = {isa = PBXBuildFile; fileRef = B46A1B0425ADE14100D89DB4 /* AnimatableSystemFontModifier.swift */; };
/* End PBXBuildFile section */

/* Begin PBXFileReference section */
		B46A1AE325AD808500D89DB4 /* EmojiArtSwiftUI.app */ = {isa = PBXFileReference; explicitFileType = wrapper.application; includeInIndex = 0; path = EmojiArtSwiftUI.app; sourceTree = BUILT_PRODUCTS_DIR; };
		B46A1AE625AD808500D89DB4 /* EmojiArtSwiftUIApp.swift */ = {isa = PBXFileReference; lastKnownFileType = sourcecode.swift; path = EmojiArtSwiftUIApp.swift; sourceTree = "<group>"; };
		B46A1AE825AD808500D89DB4 /* EmojiArtDocumentView.swift */ = {isa = PBXFileReference; lastKnownFileType = sourcecode.swift; path = EmojiArtDocumentView.swift; sourceTree = "<group>"; };
		B46A1AEA25AD808800D89DB4 /* Assets.xcassets */ = {isa = PBXFileReference; lastKnownFileType = folder.assetcatalog; path = Assets.xcassets; sourceTree = "<group>"; };
		B46A1AED25AD808800D89DB4 /* Preview Assets.xcassets */ = {isa = PBXFileReference; lastKnownFileType = folder.assetcatalog; path = "Preview Assets.xcassets"; sourceTree = "<group>"; };
		B46A1AEF25AD808800D89DB4 /* Info.plist */ = {isa = PBXFileReference; lastKnownFileType = text.plist.xml; path = Info.plist; sourceTree = "<group>"; };
		B46A1AF625AD80B300D89DB4 /* EmojiArtDocumentVM.swift */ = {isa = PBXFileReference; lastKnownFileType = sourcecode.swift; path = EmojiArtDocumentVM.swift; sourceTree = "<group>"; };
		B46A1AFA25AD842400D89DB4 /* EmojiArt.swift */ = {isa = PBXFileReference; lastKnownFileType = sourcecode.swift; path = EmojiArt.swift; sourceTree = "<group>"; };
		B46A1AFD25AD86C400D89DB4 /* EmojiArtExtensions.swift */ = {isa = PBXFileReference; fileEncoding = 4; lastKnownFileType = sourcecode.swift; path = EmojiArtExtensions.swift; sourceTree = "<group>"; };
		B46A1B0125ADDE9100D89DB4 /* OptionalImage.swift */ = {isa = PBXFileReference; lastKnownFileType = sourcecode.swift; path = OptionalImage.swift; sourceTree = "<group>"; };
		B46A1B0425ADE14100D89DB4 /* AnimatableSystemFontModifier.swift */ = {isa = PBXFileReference; fileEncoding = 4; lastKnownFileType = sourcecode.swift; path = AnimatableSystemFontModifier.swift; sourceTree = "<group>"; };
/* End PBXFileReference section */

/* Begin PBXFrameworksBuildPhase section */
		B46A1AE025AD808500D89DB4 /* Frameworks */ = {
			isa = PBXFrameworksBuildPhase;
			buildActionMask = 2147483647;
			files = (
			);
			runOnlyForDeploymentPostprocessing = 0;
		};
/* End PBXFrameworksBuildPhase section */

/* Begin PBXGroup section */
		B46A1ADA25AD808500D89DB4 = {
			isa = PBXGroup;
			children = (
				B46A1AE525AD808500D89DB4 /* EmojiArtSwiftUI */,
				B46A1AE425AD808500D89DB4 /* Products */,
			);
			sourceTree = "<group>";
		};
		B46A1AE425AD808500D89DB4 /* Products */ = {
			isa = PBXGroup;
			children = (
				B46A1AE325AD808500D89DB4 /* EmojiArtSwiftUI.app */,
			);
			name = Products;
			sourceTree = "<group>";
		};
		B46A1AE525AD808500D89DB4 /* EmojiArtSwiftUI */ = {
			isa = PBXGroup;
			children = (
				B46A1AF625AD80B300D89DB4 /* EmojiArtDocumentVM.swift */,
				B46A1AE825AD808500D89DB4 /* EmojiArtDocumentView.swift */,
				B46A1B0125ADDE9100D89DB4 /* OptionalImage.swift */,
				B46A1AFD25AD86C400D89DB4 /* EmojiArtExtensions.swift */,
				B46A1AFA25AD842400D89DB4 /* EmojiArt.swift */,
				B46A1AE625AD808500D89DB4 /* EmojiArtSwiftUIApp.swift */,
				B46A1B0425ADE14100D89DB4 /* AnimatableSystemFontModifier.swift */,
				B46A1AEA25AD808800D89DB4 /* Assets.xcassets */,
				B46A1AEF25AD808800D89DB4 /* Info.plist */,
				B46A1AEC25AD808800D89DB4 /* Preview Content */,
			);
			path = EmojiArtSwiftUI;
			sourceTree = "<group>";
		};
		B46A1AEC25AD808800D89DB4 /* Preview Content */ = {
			isa = PBXGroup;
			children = (
				B46A1AED25AD808800D89DB4 /* Preview Assets.xcassets */,
			);
			path = "Preview Content";
			sourceTree = "<group>";
		};
/* End PBXGroup section */

/* Begin PBXNativeTarget section */
		B46A1AE225AD808500D89DB4 /* EmojiArtSwiftUI */ = {
			isa = PBXNativeTarget;
			buildConfigurationList = B46A1AF225AD808800D89DB4 /* Build configuration list for PBXNativeTarget "EmojiArtSwiftUI" */;
			buildPhases = (
				B46A1ADF25AD808500D89DB4 /* Sources */,
				B46A1AE025AD808500D89DB4 /* Frameworks */,
				B46A1AE125AD808500D89DB4 /* Resources */,
			);
			buildRules = (
			);
			dependencies = (
			);
			name = EmojiArtSwiftUI;
			productName = EmojiArtSwiftUI;
			productReference = B46A1AE325AD808500D89DB4 /* EmojiArtSwiftUI.app */;
			productType = "com.apple.product-type.application";
		};
/* End PBXNativeTarget section */

/* Begin PBXProject section */
		B46A1ADB25AD808500D89DB4 /* Project object */ = {
			isa = PBXProject;
			attributes = {
				LastSwiftUpdateCheck = 1230;
				LastUpgradeCheck = 1230;
				TargetAttributes = {
					B46A1AE225AD808500D89DB4 = {
						CreatedOnToolsVersion = 12.3;
					};
				};
			};
			buildConfigurationList = B46A1ADE25AD808500D89DB4 /* Build configuration list for PBXProject "EmojiArtSwiftUI" */;
			compatibilityVersion = "Xcode 9.3";
			developmentRegion = en;
			hasScannedForEncodings = 0;
			knownRegions = (
				en,
				Base,
			);
			mainGroup = B46A1ADA25AD808500D89DB4;
			productRefGroup = B46A1AE425AD808500D89DB4 /* Products */;
			projectDirPath = "";
			projectRoot = "";
			targets = (
				B46A1AE225AD808500D89DB4 /* EmojiArtSwiftUI */,
			);
		};
/* End PBXProject section */

/* Begin PBXResourcesBuildPhase section */
		B46A1AE125AD808500D89DB4 /* Resources */ = {
			isa = PBXResourcesBuildPhase;
			buildActionMask = 2147483647;
			files = (
				B46A1AEE25AD808800D89DB4 /* Preview Assets.xcassets in Resources */,
				B46A1AEB25AD808800D89DB4 /* Assets.xcassets in Resources */,
			);
			runOnlyForDeploymentPostprocessing = 0;
		};
/* End PBXResourcesBuildPhase section */

/* Begin PBXSourcesBuildPhase section */
		B46A1ADF25AD808500D89DB4 /* Sources */ = {
			isa = PBXSourcesBuildPhase;
			buildActionMask = 2147483647;
			files = (
				B46A1B0525ADE14100D89DB4 /* AnimatableSystemFontModifier.swift in Sources */,
				B46A1AFB25AD842400D89DB4 /* EmojiArt.swift in Sources */,
				B46A1AFE25AD86C400D89DB4 /* EmojiArtExtensions.swift in Sources */,
				B46A1AF725AD80B300D89DB4 /* EmojiArtDocumentVM.swift in Sources */,
				B46A1B0225ADDE9100D89DB4 /* OptionalImage.swift in Sources */,
				B46A1AE925AD808500D89DB4 /* EmojiArtDocumentView.swift in Sources */,
				B46A1AE725AD808500D89DB4 /* EmojiArtSwiftUIApp.swift in Sources */,
			);
			runOnlyForDeploymentPostprocessing = 0;
		};
/* End PBXSourcesBuildPhase section */

/* Begin XCBuildConfiguration section */
		B46A1AF025AD808800D89DB4 /* Debug */ = {
			isa = XCBuildConfiguration;
			buildSettings = {
				ALWAYS_SEARCH_USER_PATHS = NO;
				CLANG_ANALYZER_NONNULL = YES;
				CLANG_ANALYZER_NUMBER_OBJECT_CONVERSION = YES_AGGRESSIVE;
				CLANG_CXX_LANGUAGE_STANDARD = "gnu++14";
				CLANG_CXX_LIBRARY = "libc++";
				CLANG_ENABLE_MODULES = YES;
				CLANG_ENABLE_OBJC_ARC = YES;
				CLANG_ENABLE_OBJC_WEAK = YES;
				CLANG_WARN_BLOCK_CAPTURE_AUTORELEASING = YES;
				CLANG_WARN_BOOL_CONVERSION = YES;
				CLANG_WARN_COMMA = YES;
				CLANG_WARN_CONSTANT_CONVERSION = YES;
				CLANG_WARN_DEPRECATED_OBJC_IMPLEMENTATIONS = YES;
				CLANG_WARN_DIRECT_OBJC_ISA_USAGE = YES_ERROR;
				CLANG_WARN_DOCUMENTATION_COMMENTS = YES;
				CLANG_WARN_EMPTY_BODY = YES;
				CLANG_WARN_ENUM_CONVERSION = YES;
				CLANG_WARN_INFINITE_RECURSION = YES;
				CLANG_WARN_INT_CONVERSION = YES;
				CLANG_WARN_NON_LITERAL_NULL_CONVERSION = YES;
				CLANG_WARN_OBJC_IMPLICIT_RETAIN_SELF = YES;
				CLANG_WARN_OBJC_LITERAL_CONVERSION = YES;
				CLANG_WARN_OBJC_ROOT_CLASS = YES_ERROR;
				CLANG_WARN_QUOTED_INCLUDE_IN_FRAMEWORK_HEADER = YES;
				CLANG_WARN_RANGE_LOOP_ANALYSIS = YES;
				CLANG_WARN_STRICT_PROTOTYPES = YES;
				CLANG_WARN_SUSPICIOUS_MOVE = YES;
				CLANG_WARN_UNGUARDED_AVAILABILITY = YES_AGGRESSIVE;
				CLANG_WARN_UNREACHABLE_CODE = YES;
				CLANG_WARN__DUPLICATE_METHOD_MATCH = YES;
				COPY_PHASE_STRIP = NO;
				DEBUG_INFORMATION_FORMAT = dwarf;
				ENABLE_STRICT_OBJC_MSGSEND = YES;
				ENABLE_TESTABILITY = YES;
				GCC_C_LANGUAGE_STANDARD = gnu11;
				GCC_DYNAMIC_NO_PIC = NO;
				GCC_NO_COMMON_BLOCKS = YES;
				GCC_OPTIMIZATION_LEVEL = 0;
				GCC_PREPROCESSOR_DEFINITIONS = (
					"DEBUG=1",
					"$(inherited)",
				);
				GCC_WARN_64_TO_32_BIT_CONVERSION = YES;
				GCC_WARN_ABOUT_RETURN_TYPE = YES_ERROR;
				GCC_WARN_UNDECLARED_SELECTOR = YES;
				GCC_WARN_UNINITIALIZED_AUTOS = YES_AGGRESSIVE;
				GCC_WARN_UNUSED_FUNCTION = YES;
				GCC_WARN_UNUSED_VARIABLE = YES;
				IPHONEOS_DEPLOYMENT_TARGET = 14.3;
				MTL_ENABLE_DEBUG_INFO = INCLUDE_SOURCE;
				MTL_FAST_MATH = YES;
				ONLY_ACTIVE_ARCH = YES;
				SDKROOT = iphoneos;
				SWIFT_ACTIVE_COMPILATION_CONDITIONS = DEBUG;
				SWIFT_OPTIMIZATION_LEVEL = "-Onone";
			};
			name = Debug;
		};
		B46A1AF125AD808800D89DB4 /* Release */ = {
			isa = XCBuildConfiguration;
			buildSettings = {
				ALWAYS_SEARCH_USER_PATHS = NO;
				CLANG_ANALYZER_NONNULL = YES;
				CLANG_ANALYZER_NUMBER_OBJECT_CONVERSION = YES_AGGRESSIVE;
				CLANG_CXX_LANGUAGE_STANDARD = "gnu++14";
				CLANG_CXX_LIBRARY = "libc++";
				CLANG_ENABLE_MODULES = YES;
				CLANG_ENABLE_OBJC_ARC = YES;
				CLANG_ENABLE_OBJC_WEAK = YES;
				CLANG_WARN_BLOCK_CAPTURE_AUTORELEASING = YES;
				CLANG_WARN_BOOL_CONVERSION = YES;
				CLANG_WARN_COMMA = YES;
				CLANG_WARN_CONSTANT_CONVERSION = YES;
				CLANG_WARN_DEPRECATED_OBJC_IMPLEMENTATIONS = YES;
				CLANG_WARN_DIRECT_OBJC_ISA_USAGE = YES_ERROR;
				CLANG_WARN_DOCUMENTATION_COMMENTS = YES;
				CLANG_WARN_EMPTY_BODY = YES;
				CLANG_WARN_ENUM_CONVERSION = YES;
				CLANG_WARN_INFINITE_RECURSION = YES;
				CLANG_WARN_INT_CONVERSION = YES;
				CLANG_WARN_NON_LITERAL_NULL_CONVERSION = YES;
				CLANG_WARN_OBJC_IMPLICIT_RETAIN_SELF = YES;
				CLANG_WARN_OBJC_LITERAL_CONVERSION = YES;
				CLANG_WARN_OBJC_ROOT_CLASS = YES_ERROR;
				CLANG_WARN_QUOTED_INCLUDE_IN_FRAMEWORK_HEADER = YES;
				CLANG_WARN_RANGE_LOOP_ANALYSIS = YES;
				CLANG_WARN_STRICT_PROTOTYPES = YES;
				CLANG_WARN_SUSPICIOUS_MOVE = YES;
				CLANG_WARN_UNGUARDED_AVAILABILITY = YES_AGGRESSIVE;
				CLANG_WARN_UNREACHABLE_CODE = YES;
				CLANG_WARN__DUPLICATE_METHOD_MATCH = YES;
				COPY_PHASE_STRIP = NO;
				DEBUG_INFORMATION_FORMAT = "dwarf-with-dsym";
				ENABLE_NS_ASSERTIONS = NO;
				ENABLE_STRICT_OBJC_MSGSEND = YES;
				GCC_C_LANGUAGE_STANDARD = gnu11;
				GCC_NO_COMMON_BLOCKS = YES;
				GCC_WARN_64_TO_32_BIT_CONVERSION = YES;
				GCC_WARN_ABOUT_RETURN_TYPE = YES_ERROR;
				GCC_WARN_UNDECLARED_SELECTOR = YES;
				GCC_WARN_UNINITIALIZED_AUTOS = YES_AGGRESSIVE;
				GCC_WARN_UNUSED_FUNCTION = YES;
				GCC_WARN_UNUSED_VARIABLE = YES;
				IPHONEOS_DEPLOYMENT_TARGET = 14.3;
				MTL_ENABLE_DEBUG_INFO = NO;
				MTL_FAST_MATH = YES;
				SDKROOT = iphoneos;
				SWIFT_COMPILATION_MODE = wholemodule;
				SWIFT_OPTIMIZATION_LEVEL = "-O";
				VALIDATE_PRODUCT = YES;
			};
			name = Release;
		};
		B46A1AF325AD808800D89DB4 /* Debug */ = {
			isa = XCBuildConfiguration;
			buildSettings = {
				ASSETCATALOG_COMPILER_APPICON_NAME = AppIcon;
				ASSETCATALOG_COMPILER_GLOBAL_ACCENT_COLOR_NAME = AccentColor;
				CODE_SIGN_STYLE = Automatic;
				DEVELOPMENT_ASSET_PATHS = "\"EmojiArtSwiftUI/Preview Content\"";
				DEVELOPMENT_TEAM = 6VJYHQVG2L;
				ENABLE_PREVIEWS = YES;
				INFOPLIST_FILE = EmojiArtSwiftUI/Info.plist;
				IPHONEOS_DEPLOYMENT_TARGET = 14.0;
				LD_RUNPATH_SEARCH_PATHS = (
					"$(inherited)",
					"@executable_path/Frameworks",
				);
				PRODUCT_BUNDLE_IDENTIFIER = com.minhoChoi.snu.ac.kr.EmojiArtSwiftUI;
				PRODUCT_NAME = "$(TARGET_NAME)";
				SWIFT_VERSION = 5.0;
				TARGETED_DEVICE_FAMILY = "1,2";
			};
			name = Debug;
		};
		B46A1AF425AD808800D89DB4 /* Release */ = {
			isa = XCBuildConfiguration;
			buildSettings = {
				ASSETCATALOG_COMPILER_APPICON_NAME = AppIcon;
				ASSETCATALOG_COMPILER_GLOBAL_ACCENT_COLOR_NAME = AccentColor;
				CODE_SIGN_STYLE = Automatic;
				DEVELOPMENT_ASSET_PATHS = "\"EmojiArtSwiftUI/Preview Content\"";
				DEVELOPMENT_TEAM = 6VJYHQVG2L;
				ENABLE_PREVIEWS = YES;
				INFOPLIST_FILE = EmojiArtSwiftUI/Info.plist;
				IPHONEOS_DEPLOYMENT_TARGET = 14.0;
				LD_RUNPATH_SEARCH_PATHS = (
					"$(inherited)",
					"@executable_path/Frameworks",
				);
				PRODUCT_BUNDLE_IDENTIFIER = com.minhoChoi.snu.ac.kr.EmojiArtSwiftUI;
				PRODUCT_NAME = "$(TARGET_NAME)";
				SWIFT_VERSION = 5.0;
				TARGETED_DEVICE_FAMILY = "1,2";
			};
			name = Release;
		};
/* End XCBuildConfiguration section */

/* Begin XCConfigurationList section */
		B46A1ADE25AD808500D89DB4 /* Build configuration list for PBXProject "EmojiArtSwiftUI" */ = {
			isa = XCConfigurationList;
			buildConfigurations = (
				B46A1AF025AD808800D89DB4 /* Debug */,
				B46A1AF125AD808800D89DB4 /* Release */,
			);
			defaultConfigurationIsVisible = 0;
			defaultConfigurationName = Release;
		};
		B46A1AF225AD808800D89DB4 /* Build configuration list for PBXNativeTarget "EmojiArtSwiftUI" */ = {
			isa = XCConfigurationList;
			buildConfigurations = (
				B46A1AF325AD808800D89DB4 /* Debug */,
				B46A1AF425AD808800D89DB4 /* Release */,
			);
			defaultConfigurationIsVisible = 0;
			defaultConfigurationName = Release;
		};
/* End XCConfigurationList section */
	};
	rootObject = B46A1ADB25AD808500D89DB4 /* Project object */;
}
